// !$*UTF8*$!
{
	archiveVersion = 1;
	classes = {
	};
	objectVersion = 47;
	objects = {

/* Begin PBXBuildFile section */
		6822F44F1E89AEFF003E8000 /* AppDelegate.h in Sources */ = {isa = PBXBuildFile; fileRef = 68FC3FA41E81892300D01FC2 /* AppDelegate.h */; };
		6822F4501E89AEFF003E8000 /* ViewController.h in Sources */ = {isa = PBXBuildFile; fileRef = 68FC3FA71E81892300D01FC2 /* ViewController.h */; };
		689946381E8A89D9001C3F1A /* Advisory.m in Sources */ = {isa = PBXBuildFile; fileRef = 6899461F1E8A89D9001C3F1A /* Advisory.m */; };
		689946391E8A89D9001C3F1A /* Country.m in Sources */ = {isa = PBXBuildFile; fileRef = 689946211E8A89D9001C3F1A /* Country.m */; };
		6899463A1E8A89D9001C3F1A /* CountryListItem.m in Sources */ = {isa = PBXBuildFile; fileRef = 689946231E8A89D9001C3F1A /* CountryListItem.m */; };
		6899463B1E8A89D9001C3F1A /* Currency.m in Sources */ = {isa = PBXBuildFile; fileRef = 689946251E8A89D9001C3F1A /* Currency.m */; };
		6899463C1E8A89D9001C3F1A /* Electricity.m in Sources */ = {isa = PBXBuildFile; fileRef = 689946271E8A89D9001C3F1A /* Electricity.m */; };
		6899463D1E8A89D9001C3F1A /* Language.m in Sources */ = {isa = PBXBuildFile; fileRef = 689946291E8A89D9001C3F1A /* Language.m */; };
		6899463E1E8A89D9001C3F1A /* Map.m in Sources */ = {isa = PBXBuildFile; fileRef = 6899462B1E8A89D9001C3F1A /* Map.m */; };
		6899463F1E8A89D9001C3F1A /* Name.m in Sources */ = {isa = PBXBuildFile; fileRef = 6899462D1E8A89D9001C3F1A /* Name.m */; };
		689946401E8A89D9001C3F1A /* Telephone.m in Sources */ = {isa = PBXBuildFile; fileRef = 6899462F1E8A89D9001C3F1A /* Telephone.m */; };
		689946411E8A89D9001C3F1A /* Timezone.m in Sources */ = {isa = PBXBuildFile; fileRef = 689946311E8A89D9001C3F1A /* Timezone.m */; };
		689946421E8A89D9001C3F1A /* TravelBriefingServiceInterface.m in Sources */ = {isa = PBXBuildFile; fileRef = 689946331E8A89D9001C3F1A /* TravelBriefingServiceInterface.m */; };
		689946431E8A89D9001C3F1A /* Vaccination.m in Sources */ = {isa = PBXBuildFile; fileRef = 689946351E8A89D9001C3F1A /* Vaccination.m */; };
		689946441E8A89D9001C3F1A /* Water.m in Sources */ = {isa = PBXBuildFile; fileRef = 689946371E8A89D9001C3F1A /* Water.m */; };
		6899464C1E8A8D77001C3F1A /* Assets.xcassets in Resources */ = {isa = PBXBuildFile; fileRef = 6899464B1E8A8D77001C3F1A /* Assets.xcassets */; };
		689946501E8A8F2A001C3F1A /* Guava.framework in Frameworks */ = {isa = PBXBuildFile; fileRef = 6899464F1E8A8F2A001C3F1A /* Guava.framework */; };
		689946521E8A9275001C3F1A /* JRE.framework in Frameworks */ = {isa = PBXBuildFile; fileRef = 689946511E8A9275001C3F1A /* JRE.framework */; };
		68FC3FA31E81892300D01FC2 /* main.m in Sources */ = {isa = PBXBuildFile; fileRef = 68FC3FA21E81892300D01FC2 /* main.m */; };
		68FC3FA61E81892300D01FC2 /* AppDelegate.m in Sources */ = {isa = PBXBuildFile; fileRef = 68FC3FA51E81892300D01FC2 /* AppDelegate.m */; };
		68FC3FA91E81892300D01FC2 /* ViewController.m in Sources */ = {isa = PBXBuildFile; fileRef = 68FC3FA81E81892300D01FC2 /* ViewController.m */; };
/* End PBXBuildFile section */

/* Begin PBXFileReference section */
		6899461E1E8A89D9001C3F1A /* Advisory.h */ = {isa = PBXFileReference; fileEncoding = 4; lastKnownFileType = sourcecode.c.h; path = Advisory.h; sourceTree = "<group>"; };
		6899461F1E8A89D9001C3F1A /* Advisory.m */ = {isa = PBXFileReference; fileEncoding = 4; lastKnownFileType = sourcecode.c.objc; path = Advisory.m; sourceTree = "<group>"; };
		689946201E8A89D9001C3F1A /* Country.h */ = {isa = PBXFileReference; fileEncoding = 4; lastKnownFileType = sourcecode.c.h; path = Country.h; sourceTree = "<group>"; };
		689946211E8A89D9001C3F1A /* Country.m */ = {isa = PBXFileReference; fileEncoding = 4; lastKnownFileType = sourcecode.c.objc; path = Country.m; sourceTree = "<group>"; };
		689946221E8A89D9001C3F1A /* CountryListItem.h */ = {isa = PBXFileReference; fileEncoding = 4; lastKnownFileType = sourcecode.c.h; path = CountryListItem.h; sourceTree = "<group>"; };
		689946231E8A89D9001C3F1A /* CountryListItem.m */ = {isa = PBXFileReference; fileEncoding = 4; lastKnownFileType = sourcecode.c.objc; path = CountryListItem.m; sourceTree = "<group>"; };
		689946241E8A89D9001C3F1A /* Currency.h */ = {isa = PBXFileReference; fileEncoding = 4; lastKnownFileType = sourcecode.c.h; path = Currency.h; sourceTree = "<group>"; };
		689946251E8A89D9001C3F1A /* Currency.m */ = {isa = PBXFileReference; fileEncoding = 4; lastKnownFileType = sourcecode.c.objc; path = Currency.m; sourceTree = "<group>"; };
		689946261E8A89D9001C3F1A /* Electricity.h */ = {isa = PBXFileReference; fileEncoding = 4; lastKnownFileType = sourcecode.c.h; path = Electricity.h; sourceTree = "<group>"; };
		689946271E8A89D9001C3F1A /* Electricity.m */ = {isa = PBXFileReference; fileEncoding = 4; lastKnownFileType = sourcecode.c.objc; path = Electricity.m; sourceTree = "<group>"; };
		689946281E8A89D9001C3F1A /* Language.h */ = {isa = PBXFileReference; fileEncoding = 4; lastKnownFileType = sourcecode.c.h; path = Language.h; sourceTree = "<group>"; };
		689946291E8A89D9001C3F1A /* Language.m */ = {isa = PBXFileReference; fileEncoding = 4; lastKnownFileType = sourcecode.c.objc; path = Language.m; sourceTree = "<group>"; };
		6899462A1E8A89D9001C3F1A /* Map.h */ = {isa = PBXFileReference; fileEncoding = 4; lastKnownFileType = sourcecode.c.h; path = Map.h; sourceTree = "<group>"; };
		6899462B1E8A89D9001C3F1A /* Map.m */ = {isa = PBXFileReference; fileEncoding = 4; lastKnownFileType = sourcecode.c.objc; path = Map.m; sourceTree = "<group>"; };
		6899462C1E8A89D9001C3F1A /* Name.h */ = {isa = PBXFileReference; fileEncoding = 4; lastKnownFileType = sourcecode.c.h; path = Name.h; sourceTree = "<group>"; };
		6899462D1E8A89D9001C3F1A /* Name.m */ = {isa = PBXFileReference; fileEncoding = 4; lastKnownFileType = sourcecode.c.objc; path = Name.m; sourceTree = "<group>"; };
		6899462E1E8A89D9001C3F1A /* Telephone.h */ = {isa = PBXFileReference; fileEncoding = 4; lastKnownFileType = sourcecode.c.h; path = Telephone.h; sourceTree = "<group>"; };
		6899462F1E8A89D9001C3F1A /* Telephone.m */ = {isa = PBXFileReference; fileEncoding = 4; lastKnownFileType = sourcecode.c.objc; path = Telephone.m; sourceTree = "<group>"; };
		689946301E8A89D9001C3F1A /* Timezone.h */ = {isa = PBXFileReference; fileEncoding = 4; lastKnownFileType = sourcecode.c.h; path = Timezone.h; sourceTree = "<group>"; };
		689946311E8A89D9001C3F1A /* Timezone.m */ = {isa = PBXFileReference; fileEncoding = 4; lastKnownFileType = sourcecode.c.objc; path = Timezone.m; sourceTree = "<group>"; };
		689946321E8A89D9001C3F1A /* TravelBriefingServiceInterface.h */ = {isa = PBXFileReference; fileEncoding = 4; lastKnownFileType = sourcecode.c.h; path = TravelBriefingServiceInterface.h; sourceTree = "<group>"; };
		689946331E8A89D9001C3F1A /* TravelBriefingServiceInterface.m */ = {isa = PBXFileReference; fileEncoding = 4; lastKnownFileType = sourcecode.c.objc; path = TravelBriefingServiceInterface.m; sourceTree = "<group>"; };
		689946341E8A89D9001C3F1A /* Vaccination.h */ = {isa = PBXFileReference; fileEncoding = 4; lastKnownFileType = sourcecode.c.h; path = Vaccination.h; sourceTree = "<group>"; };
		689946351E8A89D9001C3F1A /* Vaccination.m */ = {isa = PBXFileReference; fileEncoding = 4; lastKnownFileType = sourcecode.c.objc; path = Vaccination.m; sourceTree = "<group>"; };
		689946361E8A89D9001C3F1A /* Water.h */ = {isa = PBXFileReference; fileEncoding = 4; lastKnownFileType = sourcecode.c.h; path = Water.h; sourceTree = "<group>"; };
		689946371E8A89D9001C3F1A /* Water.m */ = {isa = PBXFileReference; fileEncoding = 4; lastKnownFileType = sourcecode.c.objc; path = Water.m; sourceTree = "<group>"; };
		6899464B1E8A8D77001C3F1A /* Assets.xcassets */ = {isa = PBXFileReference; lastKnownFileType = folder.assetcatalog; path = Assets.xcassets; sourceTree = "<group>"; };
		6899464F1E8A8F2A001C3F1A /* Guava.framework */ = {isa = PBXFileReference; lastKnownFileType = wrapper.framework; name = Guava.framework; path = "../../../j2objc-1.3.1/frameworks/Guava.framework"; sourceTree = "<group>"; };
		689946511E8A9275001C3F1A /* JRE.framework */ = {isa = PBXFileReference; lastKnownFileType = wrapper.framework; name = JRE.framework; path = "../../../j2objc-1.3.1/frameworks/JRE.framework"; sourceTree = "<group>"; };
		68FC3F9E1E81892300D01FC2 /* travelbriefing.app */ = {isa = PBXFileReference; explicitFileType = wrapper.application; includeInIndex = 0; path = travelbriefing.app; sourceTree = BUILT_PRODUCTS_DIR; };
		68FC3FA21E81892300D01FC2 /* main.m */ = {isa = PBXFileReference; lastKnownFileType = sourcecode.c.objc; path = main.m; sourceTree = "<group>"; };
		68FC3FA41E81892300D01FC2 /* AppDelegate.h */ = {isa = PBXFileReference; lastKnownFileType = sourcecode.c.h; path = AppDelegate.h; sourceTree = "<group>"; };
		68FC3FA51E81892300D01FC2 /* AppDelegate.m */ = {isa = PBXFileReference; lastKnownFileType = sourcecode.c.objc; path = AppDelegate.m; sourceTree = "<group>"; };
		68FC3FA71E81892300D01FC2 /* ViewController.h */ = {isa = PBXFileReference; lastKnownFileType = sourcecode.c.h; path = ViewController.h; sourceTree = "<group>"; };
		68FC3FA81E81892300D01FC2 /* ViewController.m */ = {isa = PBXFileReference; lastKnownFileType = sourcecode.c.objc; path = ViewController.m; sourceTree = "<group>"; };
		68FC3FB21E81892300D01FC2 /* Info.plist */ = {isa = PBXFileReference; lastKnownFileType = text.plist.xml; path = Info.plist; sourceTree = "<group>"; };
/* End PBXFileReference section */

/* Begin PBXFrameworksBuildPhase section */
		68FC3F9B1E81892300D01FC2 /* Frameworks */ = {
			isa = PBXFrameworksBuildPhase;
			buildActionMask = 2147483647;
			files = (
				689946521E8A9275001C3F1A /* JRE.framework in Frameworks */,
				689946501E8A8F2A001C3F1A /* Guava.framework in Frameworks */,
			);
			runOnlyForDeploymentPostprocessing = 0;
		};
/* End PBXFrameworksBuildPhase section */

/* Begin PBXGroup section */
		686824CC1E842D8F0018C70F /* Frameworks */ = {
			isa = PBXGroup;
			children = (
				689946511E8A9275001C3F1A /* JRE.framework */,
				6899464F1E8A8F2A001C3F1A /* Guava.framework */,
			);
			name = Frameworks;
			sourceTree = "<group>";
		};
		6899461D1E8A89D9001C3F1A /* fromjava */ = {
			isa = PBXGroup;
			children = (
				6899461E1E8A89D9001C3F1A /* Advisory.h */,
				6899461F1E8A89D9001C3F1A /* Advisory.m */,
				689946201E8A89D9001C3F1A /* Country.h */,
				689946211E8A89D9001C3F1A /* Country.m */,
				689946221E8A89D9001C3F1A /* CountryListItem.h */,
				689946231E8A89D9001C3F1A /* CountryListItem.m */,
				689946241E8A89D9001C3F1A /* Currency.h */,
				689946251E8A89D9001C3F1A /* Currency.m */,
				689946261E8A89D9001C3F1A /* Electricity.h */,
				689946271E8A89D9001C3F1A /* Electricity.m */,
				689946281E8A89D9001C3F1A /* Language.h */,
				689946291E8A89D9001C3F1A /* Language.m */,
				6899462A1E8A89D9001C3F1A /* Map.h */,
				6899462B1E8A89D9001C3F1A /* Map.m */,
				6899462C1E8A89D9001C3F1A /* Name.h */,
				6899462D1E8A89D9001C3F1A /* Name.m */,
				6899462E1E8A89D9001C3F1A /* Telephone.h */,
				6899462F1E8A89D9001C3F1A /* Telephone.m */,
				689946301E8A89D9001C3F1A /* Timezone.h */,
				689946311E8A89D9001C3F1A /* Timezone.m */,
				689946321E8A89D9001C3F1A /* TravelBriefingServiceInterface.h */,
				689946331E8A89D9001C3F1A /* TravelBriefingServiceInterface.m */,
				689946341E8A89D9001C3F1A /* Vaccination.h */,
				689946351E8A89D9001C3F1A /* Vaccination.m */,
				689946361E8A89D9001C3F1A /* Water.h */,
				689946371E8A89D9001C3F1A /* Water.m */,
			);
			path = fromjava;
			sourceTree = "<group>";
		};
		68FC3F951E81892300D01FC2 = {
			isa = PBXGroup;
			children = (
				68FC3FA01E81892300D01FC2 /* travelbriefing */,
				68FC3F9F1E81892300D01FC2 /* Products */,
				686824CC1E842D8F0018C70F /* Frameworks */,
			);
			sourceTree = "<group>";
		};
		68FC3F9F1E81892300D01FC2 /* Products */ = {
			isa = PBXGroup;
			children = (
				68FC3F9E1E81892300D01FC2 /* travelbriefing.app */,
			);
			name = Products;
			sourceTree = "<group>";
		};
		68FC3FA01E81892300D01FC2 /* travelbriefing */ = {
			isa = PBXGroup;
			children = (
				6899464B1E8A8D77001C3F1A /* Assets.xcassets */,
				6899461D1E8A89D9001C3F1A /* fromjava */,
				68FC3FA41E81892300D01FC2 /* AppDelegate.h */,
				68FC3FA51E81892300D01FC2 /* AppDelegate.m */,
				68FC3FA71E81892300D01FC2 /* ViewController.h */,
				68FC3FA81E81892300D01FC2 /* ViewController.m */,
				68FC3FB21E81892300D01FC2 /* Info.plist */,
				68FC3FA11E81892300D01FC2 /* Supporting Files */,
			);
			path = travelbriefing;
			sourceTree = "<group>";
		};
		68FC3FA11E81892300D01FC2 /* Supporting Files */ = {
			isa = PBXGroup;
			children = (
				68FC3FA21E81892300D01FC2 /* main.m */,
			);
			name = "Supporting Files";
			sourceTree = "<group>";
		};
/* End PBXGroup section */

/* Begin PBXNativeTarget section */
		68FC3F9D1E81892300D01FC2 /* travelbriefing */ = {
			isa = PBXNativeTarget;
			buildConfigurationList = 68FC3FB51E81892300D01FC2 /* Build configuration list for PBXNativeTarget "travelbriefing" */;
			buildPhases = (
				68FC3F9A1E81892300D01FC2 /* Sources */,
				68FC3F9B1E81892300D01FC2 /* Frameworks */,
				68FC3F9C1E81892300D01FC2 /* Resources */,
			);
			buildRules = (
			);
			dependencies = (
			);
			name = travelbriefing;
			productName = travelbriefing;
			productReference = 68FC3F9E1E81892300D01FC2 /* travelbriefing.app */;
			productType = "com.apple.product-type.application";
		};
/* End PBXNativeTarget section */

/* Begin PBXProject section */
		68FC3F961E81892300D01FC2 /* Project object */ = {
			isa = PBXProject;
			attributes = {
				LastUpgradeCheck = 0820;
				ORGANIZATIONNAME = "Charlie Collins";
				TargetAttributes = {
					68FC3F9D1E81892300D01FC2 = {
						CreatedOnToolsVersion = 8.2.1;
						ProvisioningStyle = Automatic;
					};
				};
			};
			buildConfigurationList = 68FC3F991E81892300D01FC2 /* Build configuration list for PBXProject "travelbriefing" */;
			compatibilityVersion = "Xcode 6.3";
			developmentRegion = English;
			hasScannedForEncodings = 0;
			knownRegions = (
				en,
				Base,
			);
			mainGroup = 68FC3F951E81892300D01FC2;
			productRefGroup = 68FC3F9F1E81892300D01FC2 /* Products */;
			projectDirPath = "";
			projectRoot = "";
			targets = (
				68FC3F9D1E81892300D01FC2 /* travelbriefing */,
			);
		};
/* End PBXProject section */

/* Begin PBXResourcesBuildPhase section */
		68FC3F9C1E81892300D01FC2 /* Resources */ = {
			isa = PBXResourcesBuildPhase;
			buildActionMask = 2147483647;
			files = (
				6899464C1E8A8D77001C3F1A /* Assets.xcassets in Resources */,
			);
			runOnlyForDeploymentPostprocessing = 0;
		};
/* End PBXResourcesBuildPhase section */

/* Begin PBXSourcesBuildPhase section */
		68FC3F9A1E81892300D01FC2 /* Sources */ = {
			isa = PBXSourcesBuildPhase;
			buildActionMask = 2147483647;
			files = (
				689946401E8A89D9001C3F1A /* Telephone.m in Sources */,
				6899463F1E8A89D9001C3F1A /* Name.m in Sources */,
				689946421E8A89D9001C3F1A /* TravelBriefingServiceInterface.m in Sources */,
				689946411E8A89D9001C3F1A /* Timezone.m in Sources */,
				689946391E8A89D9001C3F1A /* Country.m in Sources */,
				6822F44F1E89AEFF003E8000 /* AppDelegate.h in Sources */,
				6899463D1E8A89D9001C3F1A /* Language.m in Sources */,
				6899463B1E8A89D9001C3F1A /* Currency.m in Sources */,
				689946431E8A89D9001C3F1A /* Vaccination.m in Sources */,
				6822F4501E89AEFF003E8000 /* ViewController.h in Sources */,
				6899463A1E8A89D9001C3F1A /* CountryListItem.m in Sources */,
				6899463E1E8A89D9001C3F1A /* Map.m in Sources */,
				6899463C1E8A89D9001C3F1A /* Electricity.m in Sources */,
				68FC3FA91E81892300D01FC2 /* ViewController.m in Sources */,
				68FC3FA61E81892300D01FC2 /* AppDelegate.m in Sources */,
				689946441E8A89D9001C3F1A /* Water.m in Sources */,
				689946381E8A89D9001C3F1A /* Advisory.m in Sources */,
				68FC3FA31E81892300D01FC2 /* main.m in Sources */,
			);
			runOnlyForDeploymentPostprocessing = 0;
		};
/* End PBXSourcesBuildPhase section */

/* Begin XCBuildConfiguration section */
		68FC3FB31E81892300D01FC2 /* Debug */ = {
			isa = XCBuildConfiguration;
			buildSettings = {
				ALWAYS_SEARCH_USER_PATHS = NO;
				CLANG_ANALYZER_NONNULL = YES;
				CLANG_CXX_LANGUAGE_STANDARD = "gnu++0x";
				CLANG_CXX_LIBRARY = "libc++";
				CLANG_ENABLE_MODULES = YES;
				CLANG_ENABLE_OBJC_ARC = YES;
				CLANG_WARN_BOOL_CONVERSION = YES;
				CLANG_WARN_CONSTANT_CONVERSION = YES;
				CLANG_WARN_DIRECT_OBJC_ISA_USAGE = YES_ERROR;
				CLANG_WARN_DOCUMENTATION_COMMENTS = YES;
				CLANG_WARN_EMPTY_BODY = YES;
				CLANG_WARN_ENUM_CONVERSION = YES;
				CLANG_WARN_INFINITE_RECURSION = YES;
				CLANG_WARN_INT_CONVERSION = YES;
				CLANG_WARN_OBJC_ROOT_CLASS = YES_ERROR;
				CLANG_WARN_SUSPICIOUS_MOVE = YES;
				CLANG_WARN_UNREACHABLE_CODE = YES;
				CLANG_WARN__DUPLICATE_METHOD_MATCH = YES;
				"CODE_SIGN_IDENTITY[sdk=iphoneos*]" = "iPhone Developer";
				COPY_PHASE_STRIP = NO;
				DEBUG_INFORMATION_FORMAT = dwarf;
				ENABLE_STRICT_OBJC_MSGSEND = YES;
				ENABLE_TESTABILITY = YES;
				GCC_C_LANGUAGE_STANDARD = gnu99;
				GCC_DYNAMIC_NO_PIC = NO;
				GCC_NO_COMMON_BLOCKS = YES;
				GCC_OPTIMIZATION_LEVEL = 0;
				GCC_PREPROCESSOR_DEFINITIONS = (
					"DEBUG=1",
					"$(inherited)",
				);
				GCC_WARN_64_TO_32_BIT_CONVERSION = YES;
				GCC_WARN_ABOUT_RETURN_TYPE = YES_ERROR;
				GCC_WARN_UNDECLARED_SELECTOR = YES;
				GCC_WARN_UNINITIALIZED_AUTOS = YES_AGGRESSIVE;
				GCC_WARN_UNUSED_FUNCTION = YES;
				GCC_WARN_UNUSED_VARIABLE = YES;
				IPHONEOS_DEPLOYMENT_TARGET = 10.2;
				MTL_ENABLE_DEBUG_INFO = YES;
				ONLY_ACTIVE_ARCH = YES;
				SDKROOT = iphoneos;
			};
			name = Debug;
		};
		68FC3FB41E81892300D01FC2 /* Release */ = {
			isa = XCBuildConfiguration;
			buildSettings = {
				ALWAYS_SEARCH_USER_PATHS = NO;
				CLANG_ANALYZER_NONNULL = YES;
				CLANG_CXX_LANGUAGE_STANDARD = "gnu++0x";
				CLANG_CXX_LIBRARY = "libc++";
				CLANG_ENABLE_MODULES = YES;
				CLANG_ENABLE_OBJC_ARC = YES;
				CLANG_WARN_BOOL_CONVERSION = YES;
				CLANG_WARN_CONSTANT_CONVERSION = YES;
				CLANG_WARN_DIRECT_OBJC_ISA_USAGE = YES_ERROR;
				CLANG_WARN_DOCUMENTATION_COMMENTS = YES;
				CLANG_WARN_EMPTY_BODY = YES;
				CLANG_WARN_ENUM_CONVERSION = YES;
				CLANG_WARN_INFINITE_RECURSION = YES;
				CLANG_WARN_INT_CONVERSION = YES;
				CLANG_WARN_OBJC_ROOT_CLASS = YES_ERROR;
				CLANG_WARN_SUSPICIOUS_MOVE = YES;
				CLANG_WARN_UNREACHABLE_CODE = YES;
				CLANG_WARN__DUPLICATE_METHOD_MATCH = YES;
				"CODE_SIGN_IDENTITY[sdk=iphoneos*]" = "iPhone Developer";
				COPY_PHASE_STRIP = NO;
				DEBUG_INFORMATION_FORMAT = "dwarf-with-dsym";
				ENABLE_NS_ASSERTIONS = NO;
				ENABLE_STRICT_OBJC_MSGSEND = YES;
				GCC_C_LANGUAGE_STANDARD = gnu99;
				GCC_NO_COMMON_BLOCKS = YES;
				GCC_WARN_64_TO_32_BIT_CONVERSION = YES;
				GCC_WARN_ABOUT_RETURN_TYPE = YES_ERROR;
				GCC_WARN_UNDECLARED_SELECTOR = YES;
				GCC_WARN_UNINITIALIZED_AUTOS = YES_AGGRESSIVE;
				GCC_WARN_UNUSED_FUNCTION = YES;
				GCC_WARN_UNUSED_VARIABLE = YES;
				IPHONEOS_DEPLOYMENT_TARGET = 10.2;
				MTL_ENABLE_DEBUG_INFO = NO;
				SDKROOT = iphoneos;
				VALIDATE_PRODUCT = YES;
			};
			name = Release;
		};
		68FC3FB61E81892300D01FC2 /* Debug */ = {
			isa = XCBuildConfiguration;
			buildSettings = {
				ASSETCATALOG_COMPILER_APPICON_NAME = AppIcon;
				CLANG_ENABLE_OBJC_ARC = NO;
				CLANG_ENABLE_OBJC_WEAK = YES;
				CLANG_WARN_DOCUMENTATION_COMMENTS = NO;
				FRAMEWORK_SEARCH_PATHS = "${J2OBJC_HOME}/frameworks";
				"FRAMEWORK_SEARCH_PATHS[arch=*]" = "${J2OBJC_HOME}/frameworks";
				HEADER_SEARCH_PATHS = "$(PROJECT_DIR)/Guava.framework/Headers";
				INFOPLIST_FILE = travelbriefing/Info.plist;
				J2OBJC_HOME = /Users/charliecollins/projects/j2objc;
				LD_RUNPATH_SEARCH_PATHS = "$(inherited) @executable_path/Frameworks";
				LIBRARY_SEARCH_PATHS = (
					$J2OBJC_HOME/lib,
					"$(PROJECT_DIR)",
				);
				"LIBRARY_SEARCH_PATHS[arch=*]" = (
					$J2OBJC_HOME/lib,
					"$(PROJECT_DIR)",
				);
				ONLY_ACTIVE_ARCH = NO;
				OTHER_LDFLAGS = (
					"-ljre_emul",
					"-lguava",
				);
				PRODUCT_BUNDLE_IDENTIFIER = com.totsp.travelbriefing.travelbriefing;
				PRODUCT_NAME = "$(TARGET_NAME)";
				"USER_HEADER_SEARCH_PATHS[arch=*]" = "${J2OBJC_HOME}/include";
			};
			name = Debug;
		};
		68FC3FB71E81892300D01FC2 /* Release */ = {
			isa = XCBuildConfiguration;
			buildSettings = {
				ASSETCATALOG_COMPILER_APPICON_NAME = AppIcon;
				CLANG_ENABLE_OBJC_ARC = NO;
				CLANG_ENABLE_OBJC_WEAK = YES;
				CLANG_WARN_DOCUMENTATION_COMMENTS = NO;
				FRAMEWORK_SEARCH_PATHS = "${J2OBJC_HOME}/frameworks";
				HEADER_SEARCH_PATHS = "$(PROJECT_DIR)/Guava.framework/Headers";
				INFOPLIST_FILE = travelbriefing/Info.plist;
				J2OBJC_HOME = /Users/charliecollins/projects/j2objc;
				LD_RUNPATH_SEARCH_PATHS = "$(inherited) @executable_path/Frameworks";
				LIBRARY_SEARCH_PATHS = "${J2 $(PROJECT_DIR)";
				OTHER_LDFLAGS = (
					"-ljre_emul",
					"-lguava",
				);
				PRODUCT_BUNDLE_IDENTIFIER = com.totsp.travelbriefing.travelbriefing;
				PRODUCT_NAME = "$(TARGET_NAME)";
				"USER_HEADER_SEARCH_PATHS[arch=*]" = "${J2OBJC_HOME}/include";
			};
			name = Release;
		};
/* End XCBuildConfiguration section */

/* Begin XCConfigurationList section */
		68FC3F991E81892300D01FC2 /* Build configuration list for PBXProject "travelbriefing" */ = {
			isa = XCConfigurationList;
			buildConfigurations = (
				68FC3FB31E81892300D01FC2 /* Debug */,
				68FC3FB41E81892300D01FC2 /* Release */,
			);
			defaultConfigurationIsVisible = 0;
			defaultConfigurationName = Release;
		};
		68FC3FB51E81892300D01FC2 /* Build configuration list for PBXNativeTarget "travelbriefing" */ = {
			isa = XCConfigurationList;
			buildConfigurations = (
				68FC3FB61E81892300D01FC2 /* Debug */,
				68FC3FB71E81892300D01FC2 /* Release */,
			);
			defaultConfigurationIsVisible = 0;
			defaultConfigurationName = Release;
		};
/* End XCConfigurationList section */
	};
	rootObject = 68FC3F961E81892300D01FC2 /* Project object */;
}
